
Microsoft Visual Studio Solution File, Format Version 12.00
# Visual Studio Version 17
VisualStudioVersion = 17.5.002.0
MinimumVisualStudioVersion = 10.0.40219.1
Project("{9A19103F-16F7-4668-BE54-9A1E7A4F7556}") = "day19", "day19.csproj", "{B8C9F922-B228-40FB-8CF6-CD64533E20FE}"
EndProject
Global
	GlobalSection(SolutionConfigurationPlatforms) = preSolution
		Debug|Any CPU = Debug|Any CPU
		Release|Any CPU = Release|Any CPU
	EndGlobalSection
	GlobalSection(ProjectConfigurationPlatforms) = postSolution
		{B8C9F922-B228-40FB-8CF6-CD64533E20FE}.Debug|Any CPU.ActiveCfg = Debug|Any CPU
		{B8C9F922-B228-40FB-8CF6-CD64533E20FE}.Debug|Any CPU.Build.0 = Debug|Any CPU
		{B8C9F922-B228-40FB-8CF6-CD64533E20FE}.Release|Any CPU.ActiveCfg = Release|Any CPU
		{B8C9F922-B228-40FB-8CF6-CD64533E20FE}.Release|Any CPU.Build.0 = Release|Any CPU
	EndGlobalSection
	GlobalSection(SolutionProperties) = preSolution
		HideSolutionNode = FALSE
	EndGlobalSection
	GlobalSection(ExtensibilityGlobals) = postSolution
		SolutionGuid = {1B6D1D73-C602-454C-91F9-0CC50FAA6508}
	EndGlobalSection
EndGlobal
