
Microsoft Visual Studio Solution File, Format Version 12.00
# Visual Studio Version 17
VisualStudioVersion = 17.5.002.0
MinimumVisualStudioVersion = 10.0.40219.1
Project("{9A19103F-16F7-4668-BE54-9A1E7A4F7556}") = "day16", "day16.csproj", "{AE071B0D-4F11-4C32-97D1-F1407C28DF40}"
EndProject
Global
	GlobalSection(SolutionConfigurationPlatforms) = preSolution
		Debug|Any CPU = Debug|Any CPU
		Release|Any CPU = Release|Any CPU
	EndGlobalSection
	GlobalSection(ProjectConfigurationPlatforms) = postSolution
		{AE071B0D-4F11-4C32-97D1-F1407C28DF40}.Debug|Any CPU.ActiveCfg = Debug|Any CPU
		{AE071B0D-4F11-4C32-97D1-F1407C28DF40}.Debug|Any CPU.Build.0 = Debug|Any CPU
		{AE071B0D-4F11-4C32-97D1-F1407C28DF40}.Release|Any CPU.ActiveCfg = Release|Any CPU
		{AE071B0D-4F11-4C32-97D1-F1407C28DF40}.Release|Any CPU.Build.0 = Release|Any CPU
	EndGlobalSection
	GlobalSection(SolutionProperties) = preSolution
		HideSolutionNode = FALSE
	EndGlobalSection
	GlobalSection(ExtensibilityGlobals) = postSolution
		SolutionGuid = {49EA6BD1-938C-4485-BECC-525F1E652044}
	EndGlobalSection
EndGlobal
